
Microsoft Visual Studio Solution File, Format Version 12.00
# Visual Studio Version 17
VisualStudioVersion = 17.12.35527.113
MinimumVisualStudioVersion = 10.0.40219.1
Project("{FAE04EC0-301F-11D3-BF4B-00C04F79EFBC}") = "PlantCareScheduler.Server", "PlantCareScheduler.Server\PlantCareScheduler.Server.csproj", "{0560E6B6-54A1-4E94-B40C-619E773883EA}"
EndProject
Project("{54A90642-561A-4BB1-A94E-469ADEE60C69}") = "plantcarescheduler.client", "plantcarescheduler.client\plantcarescheduler.client.esproj", "{26F532B7-FF3C-48E0-ACD0-96C446710F35}"
EndProject
Project("{FAE04EC0-301F-11D3-BF4B-00C04F79EFBC}") = "PlantCareScheduler.Tests", "PlantCareScheduler.Tests\PlantCareScheduler.Tests.csproj", "{0054E32A-8E83-40E1-BB92-B1A37C69203F}"
EndProject
Global
	GlobalSection(SolutionConfigurationPlatforms) = preSolution
		Debug|Any CPU = Debug|Any CPU
		Release|Any CPU = Release|Any CPU
	EndGlobalSection
	GlobalSection(ProjectConfigurationPlatforms) = postSolution
		{0560E6B6-54A1-4E94-B40C-619E773883EA}.Debug|Any CPU.ActiveCfg = Debug|Any CPU
		{0560E6B6-54A1-4E94-B40C-619E773883EA}.Debug|Any CPU.Build.0 = Debug|Any CPU
		{0560E6B6-54A1-4E94-B40C-619E773883EA}.Release|Any CPU.ActiveCfg = Release|Any CPU
		{0560E6B6-54A1-4E94-B40C-619E773883EA}.Release|Any CPU.Build.0 = Release|Any CPU
		{26F532B7-FF3C-48E0-ACD0-96C446710F35}.Debug|Any CPU.ActiveCfg = Debug|Any CPU
		{26F532B7-FF3C-48E0-ACD0-96C446710F35}.Debug|Any CPU.Build.0 = Debug|Any CPU
		{26F532B7-FF3C-48E0-ACD0-96C446710F35}.Debug|Any CPU.Deploy.0 = Debug|Any CPU
		{26F532B7-FF3C-48E0-ACD0-96C446710F35}.Release|Any CPU.ActiveCfg = Release|Any CPU
		{26F532B7-FF3C-48E0-ACD0-96C446710F35}.Release|Any CPU.Build.0 = Release|Any CPU
		{26F532B7-FF3C-48E0-ACD0-96C446710F35}.Release|Any CPU.Deploy.0 = Release|Any CPU
		{0054E32A-8E83-40E1-BB92-B1A37C69203F}.Debug|Any CPU.ActiveCfg = Debug|Any CPU
		{0054E32A-8E83-40E1-BB92-B1A37C69203F}.Debug|Any CPU.Build.0 = Debug|Any CPU
		{0054E32A-8E83-40E1-BB92-B1A37C69203F}.Release|Any CPU.ActiveCfg = Release|Any CPU
		{0054E32A-8E83-40E1-BB92-B1A37C69203F}.Release|Any CPU.Build.0 = Release|Any CPU
	EndGlobalSection
	GlobalSection(SolutionProperties) = preSolution
		HideSolutionNode = FALSE
	EndGlobalSection
EndGlobal
